
Microsoft Visual Studio Solution File, Format Version 12.00
# Visual Studio Version 17
VisualStudioVersion = 17.4.33403.182
MinimumVisualStudioVersion = 10.0.40219.1
Project("{FAE04EC0-301F-11D3-BF4B-00C04F79EFBC}") = "StudentCourseApp", "StudentCourseApp.csproj", "{C13B4FD4-C649-4657-8AB3-F6C669782DE2}"
EndProject
Global
	GlobalSection(SolutionConfigurationPlatforms) = preSolution
		Debug|Any CPU = Debug|Any CPU
		Release|Any CPU = Release|Any CPU
	EndGlobalSection
	GlobalSection(ProjectConfigurationPlatforms) = postSolution
		{C13B4FD4-C649-4657-8AB3-F6C669782DE2}.Debug|Any CPU.ActiveCfg = Debug|Any CPU
		{C13B4FD4-C649-4657-8AB3-F6C669782DE2}.Debug|Any CPU.Build.0 = Debug|Any CPU
		{C13B4FD4-C649-4657-8AB3-F6C669782DE2}.Release|Any CPU.ActiveCfg = Release|Any CPU
		{C13B4FD4-C649-4657-8AB3-F6C669782DE2}.Release|Any CPU.Build.0 = Release|Any CPU
	EndGlobalSection
	GlobalSection(SolutionProperties) = preSolution
		HideSolutionNode = FALSE
	EndGlobalSection
	GlobalSection(ExtensibilityGlobals) = postSolution
		SolutionGuid = {B4EA745E-CC94-4768-BE80-578DB9D24E83}
	EndGlobalSection
EndGlobal
